
Microsoft Visual Studio Solution File, Format Version 12.00
# Visual Studio Version 16
VisualStudioVersion = 16.0.31624.102
MinimumVisualStudioVersion = 10.0.40219.1
Project("{FAE04EC0-301F-11D3-BF4B-00C04F79EFBC}") = "MedMeter.UWP", "MedMeter\MedMeter.UWP\MedMeter.UWP.csproj", "{3352D254-1267-4AB9-9EF8-4ADADEF6AA47}"
EndProject
Project("{FAE04EC0-301F-11D3-BF4B-00C04F79EFBC}") = "MedMeter.Android", "MedMeter\MedMeter.Android\MedMeter.Android.csproj", "{267EC51F-A83C-4EDB-82D8-D954878D2081}"
EndProject
Project("{FAE04EC0-301F-11D3-BF4B-00C04F79EFBC}") = "MedMeter.iOS", "MedMeter\MedMeter.iOS\MedMeter.iOS.csproj", "{45EA287E-91D3-4ABC-8228-503DA77D54CB}"
EndProject
Project("{9A19103F-16F7-4668-BE54-9A1E7A4F7556}") = "MedMeter", "MedMeter\MedMeter\MedMeter.csproj", "{D53BD13E-0032-426B-B91E-341E840A96D9}"
EndProject
Project("{FAE04EC0-301F-11D3-BF4B-00C04F79EFBC}") = "UnitTests", "UnitTests\UnitTests.csproj", "{22A5ADEA-E8F5-4749-986E-5E54C08EE3A9}"
EndProject
Global
	GlobalSection(SolutionConfigurationPlatforms) = preSolution
		Debug|Any CPU = Debug|Any CPU
		Debug|ARM = Debug|ARM
		Debug|iPhone = Debug|iPhone
		Debug|iPhoneSimulator = Debug|iPhoneSimulator
		Debug|x64 = Debug|x64
		Debug|x86 = Debug|x86
		Release|Any CPU = Release|Any CPU
		Release|ARM = Release|ARM
		Release|iPhone = Release|iPhone
		Release|iPhoneSimulator = Release|iPhoneSimulator
		Release|x64 = Release|x64
		Release|x86 = Release|x86
	EndGlobalSection
	GlobalSection(ProjectConfigurationPlatforms) = postSolution
		{3352D254-1267-4AB9-9EF8-4ADADEF6AA47}.Debug|Any CPU.ActiveCfg = Debug|x86
		{3352D254-1267-4AB9-9EF8-4ADADEF6AA47}.Debug|Any CPU.Build.0 = Debug|x86
		{3352D254-1267-4AB9-9EF8-4ADADEF6AA47}.Debug|Any CPU.Deploy.0 = Debug|x86
		{3352D254-1267-4AB9-9EF8-4ADADEF6AA47}.Debug|ARM.ActiveCfg = Debug|ARM
		{3352D254-1267-4AB9-9EF8-4ADADEF6AA47}.Debug|ARM.Build.0 = Debug|ARM
		{3352D254-1267-4AB9-9EF8-4ADADEF6AA47}.Debug|ARM.Deploy.0 = Debug|ARM
		{3352D254-1267-4AB9-9EF8-4ADADEF6AA47}.Debug|iPhone.ActiveCfg = Debug|x86
		{3352D254-1267-4AB9-9EF8-4ADADEF6AA47}.Debug|iPhone.Build.0 = Debug|x86
		{3352D254-1267-4AB9-9EF8-4ADADEF6AA47}.Debug|iPhone.Deploy.0 = Debug|x86
		{3352D254-1267-4AB9-9EF8-4ADADEF6AA47}.Debug|iPhoneSimulator.ActiveCfg = Debug|x86
		{3352D254-1267-4AB9-9EF8-4ADADEF6AA47}.Debug|iPhoneSimulator.Build.0 = Debug|x86
		{3352D254-1267-4AB9-9EF8-4ADADEF6AA47}.Debug|iPhoneSimulator.Deploy.0 = Debug|x86
		{3352D254-1267-4AB9-9EF8-4ADADEF6AA47}.Debug|x64.ActiveCfg = Debug|x64
		{3352D254-1267-4AB9-9EF8-4ADADEF6AA47}.Debug|x64.Build.0 = Debug|x64
		{3352D254-1267-4AB9-9EF8-4ADADEF6AA47}.Debug|x64.Deploy.0 = Debug|x64
		{3352D254-1267-4AB9-9EF8-4ADADEF6AA47}.Debug|x86.ActiveCfg = Debug|x86
		{3352D254-1267-4AB9-9EF8-4ADADEF6AA47}.Debug|x86.Build.0 = Debug|x86
		{3352D254-1267-4AB9-9EF8-4ADADEF6AA47}.Debug|x86.Deploy.0 = Debug|x86
		{3352D254-1267-4AB9-9EF8-4ADADEF6AA47}.Release|Any CPU.ActiveCfg = Release|x86
		{3352D254-1267-4AB9-9EF8-4ADADEF6AA47}.Release|Any CPU.Build.0 = Release|x86
		{3352D254-1267-4AB9-9EF8-4ADADEF6AA47}.Release|Any CPU.Deploy.0 = Release|x86
		{3352D254-1267-4AB9-9EF8-4ADADEF6AA47}.Release|ARM.ActiveCfg = Release|ARM
		{3352D254-1267-4AB9-9EF8-4ADADEF6AA47}.Release|ARM.Build.0 = Release|ARM
		{3352D254-1267-4AB9-9EF8-4ADADEF6AA47}.Release|ARM.Deploy.0 = Release|ARM
		{3352D254-1267-4AB9-9EF8-4ADADEF6AA47}.Release|iPhone.ActiveCfg = Release|x86
		{3352D254-1267-4AB9-9EF8-4ADADEF6AA47}.Release|iPhone.Build.0 = Release|x86
		{3352D254-1267-4AB9-9EF8-4ADADEF6AA47}.Release|iPhone.Deploy.0 = Release|x86
		{3352D254-1267-4AB9-9EF8-4ADADEF6AA47}.Release|iPhoneSimulator.ActiveCfg = Release|x86
		{3352D254-1267-4AB9-9EF8-4ADADEF6AA47}.Release|iPhoneSimulator.Build.0 = Release|x86
		{3352D254-1267-4AB9-9EF8-4ADADEF6AA47}.Release|iPhoneSimulator.Deploy.0 = Release|x86
		{3352D254-1267-4AB9-9EF8-4ADADEF6AA47}.Release|x64.ActiveCfg = Release|x64
		{3352D254-1267-4AB9-9EF8-4ADADEF6AA47}.Release|x64.Build.0 = Release|x64
		{3352D254-1267-4AB9-9EF8-4ADADEF6AA47}.Release|x64.Deploy.0 = Release|x64
		{3352D254-1267-4AB9-9EF8-4ADADEF6AA47}.Release|x86.ActiveCfg = Release|x86
		{3352D254-1267-4AB9-9EF8-4ADADEF6AA47}.Release|x86.Build.0 = Release|x86
		{3352D254-1267-4AB9-9EF8-4ADADEF6AA47}.Release|x86.Deploy.0 = Release|x86
		{267EC51F-A83C-4EDB-82D8-D954878D2081}.Debug|Any CPU.ActiveCfg = Debug|Any CPU
		{267EC51F-A83C-4EDB-82D8-D954878D2081}.Debug|Any CPU.Build.0 = Debug|Any CPU
		{267EC51F-A83C-4EDB-82D8-D954878D2081}.Debug|Any CPU.Deploy.0 = Debug|Any CPU
		{267EC51F-A83C-4EDB-82D8-D954878D2081}.Debug|ARM.ActiveCfg = Debug|Any CPU
		{267EC51F-A83C-4EDB-82D8-D954878D2081}.Debug|ARM.Build.0 = Debug|Any CPU
		{267EC51F-A83C-4EDB-82D8-D954878D2081}.Debug|ARM.Deploy.0 = Debug|Any CPU
		{267EC51F-A83C-4EDB-82D8-D954878D2081}.Debug|iPhone.ActiveCfg = Debug|Any CPU
		{267EC51F-A83C-4EDB-82D8-D954878D2081}.Debug|iPhone.Build.0 = Debug|Any CPU
		{267EC51F-A83C-4EDB-82D8-D954878D2081}.Debug|iPhone.Deploy.0 = Debug|Any CPU
		{267EC51F-A83C-4EDB-82D8-D954878D2081}.Debug|iPhoneSimulator.ActiveCfg = Debug|Any CPU
		{267EC51F-A83C-4EDB-82D8-D954878D2081}.Debug|iPhoneSimulator.Build.0 = Debug|Any CPU
		{267EC51F-A83C-4EDB-82D8-D954878D2081}.Debug|iPhoneSimulator.Deploy.0 = Debug|Any CPU
		{267EC51F-A83C-4EDB-82D8-D954878D2081}.Debug|x64.ActiveCfg = Debug|Any CPU
		{267EC51F-A83C-4EDB-82D8-D954878D2081}.Debug|x64.Build.0 = Debug|Any CPU
		{267EC51F-A83C-4EDB-82D8-D954878D2081}.Debug|x64.Deploy.0 = Debug|Any CPU
		{267EC51F-A83C-4EDB-82D8-D954878D2081}.Debug|x86.ActiveCfg = Debug|Any CPU
		{267EC51F-A83C-4EDB-82D8-D954878D2081}.Debug|x86.Build.0 = Debug|Any CPU
		{267EC51F-A83C-4EDB-82D8-D954878D2081}.Debug|x86.Deploy.0 = Debug|Any CPU
		{267EC51F-A83C-4EDB-82D8-D954878D2081}.Release|Any CPU.ActiveCfg = Release|Any CPU
		{267EC51F-A83C-4EDB-82D8-D954878D2081}.Release|Any CPU.Build.0 = Release|Any CPU
		{267EC51F-A83C-4EDB-82D8-D954878D2081}.Release|Any CPU.Deploy.0 = Release|Any CPU
		{267EC51F-A83C-4EDB-82D8-D954878D2081}.Release|ARM.ActiveCfg = Release|Any CPU
		{267EC51F-A83C-4EDB-82D8-D954878D2081}.Release|ARM.Build.0 = Release|Any CPU
		{267EC51F-A83C-4EDB-82D8-D954878D2081}.Release|ARM.Deploy.0 = Release|Any CPU
		{267EC51F-A83C-4EDB-82D8-D954878D2081}.Release|iPhone.ActiveCfg = Release|Any CPU
		{267EC51F-A83C-4EDB-82D8-D954878D2081}.Release|iPhone.Build.0 = Release|Any CPU
		{267EC51F-A83C-4EDB-82D8-D954878D2081}.Release|iPhone.Deploy.0 = Release|Any CPU
		{267EC51F-A83C-4EDB-82D8-D954878D2081}.Release|iPhoneSimulator.ActiveCfg = Release|Any CPU
		{267EC51F-A83C-4EDB-82D8-D954878D2081}.Release|iPhoneSimulator.Build.0 = Release|Any CPU
		{267EC51F-A83C-4EDB-82D8-D954878D2081}.Release|iPhoneSimulator.Deploy.0 = Release|Any CPU
		{267EC51F-A83C-4EDB-82D8-D954878D2081}.Release|x64.ActiveCfg = Release|Any CPU
		{267EC51F-A83C-4EDB-82D8-D954878D2081}.Release|x64.Build.0 = Release|Any CPU
		{267EC51F-A83C-4EDB-82D8-D954878D2081}.Release|x64.Deploy.0 = Release|Any CPU
		{267EC51F-A83C-4EDB-82D8-D954878D2081}.Release|x86.ActiveCfg = Release|Any CPU
		{267EC51F-A83C-4EDB-82D8-D954878D2081}.Release|x86.Build.0 = Release|Any CPU
		{267EC51F-A83C-4EDB-82D8-D954878D2081}.Release|x86.Deploy.0 = Release|Any CPU
		{45EA287E-91D3-4ABC-8228-503DA77D54CB}.Debug|Any CPU.ActiveCfg = Debug|iPhoneSimulator
		{45EA287E-91D3-4ABC-8228-503DA77D54CB}.Debug|Any CPU.Build.0 = Debug|iPhoneSimulator
		{45EA287E-91D3-4ABC-8228-503DA77D54CB}.Debug|Any CPU.Deploy.0 = Debug|iPhoneSimulator
		{45EA287E-91D3-4ABC-8228-503DA77D54CB}.Debug|ARM.ActiveCfg = Debug|iPhone
		{45EA287E-91D3-4ABC-8228-503DA77D54CB}.Debug|ARM.Build.0 = Debug|iPhone
		{45EA287E-91D3-4ABC-8228-503DA77D54CB}.Debug|ARM.Deploy.0 = Debug|iPhone
		{45EA287E-91D3-4ABC-8228-503DA77D54CB}.Debug|iPhone.ActiveCfg = Debug|iPhone
		{45EA287E-91D3-4ABC-8228-503DA77D54CB}.Debug|iPhone.Build.0 = Debug|iPhone
		{45EA287E-91D3-4ABC-8228-503DA77D54CB}.Debug|iPhone.Deploy.0 = Debug|iPhone
		{45EA287E-91D3-4ABC-8228-503DA77D54CB}.Debug|iPhoneSimulator.ActiveCfg = Debug|iPhoneSimulator
		{45EA287E-91D3-4ABC-8228-503DA77D54CB}.Debug|iPhoneSimulator.Build.0 = Debug|iPhoneSimulator
		{45EA287E-91D3-4ABC-8228-503DA77D54CB}.Debug|iPhoneSimulator.Deploy.0 = Debug|iPhoneSimulator
		{45EA287E-91D3-4ABC-8228-503DA77D54CB}.Debug|x64.ActiveCfg = Debug|iPhoneSimulator
		{45EA287E-91D3-4ABC-8228-503DA77D54CB}.Debug|x64.Build.0 = Debug|iPhoneSimulator
		{45EA287E-91D3-4ABC-8228-503DA77D54CB}.Debug|x64.Deploy.0 = Debug|iPhoneSimulator
		{45EA287E-91D3-4ABC-8228-503DA77D54CB}.Debug|x86.ActiveCfg = Debug|iPhoneSimulator
		{45EA287E-91D3-4ABC-8228-503DA77D54CB}.Debug|x86.Build.0 = Debug|iPhoneSimulator
		{45EA287E-91D3-4ABC-8228-503DA77D54CB}.Debug|x86.Deploy.0 = Debug|iPhoneSimulator
		{45EA287E-91D3-4ABC-8228-503DA77D54CB}.Release|Any CPU.ActiveCfg = Release|iPhoneSimulator
		{45EA287E-91D3-4ABC-8228-503DA77D54CB}.Release|Any CPU.Build.0 = Release|iPhoneSimulator
		{45EA287E-91D3-4ABC-8228-503DA77D54CB}.Release|Any CPU.Deploy.0 = Release|iPhoneSimulator
		{45EA287E-91D3-4ABC-8228-503DA77D54CB}.Release|ARM.ActiveCfg = Release|iPhoneSimulator
		{45EA287E-91D3-4ABC-8228-503DA77D54CB}.Release|ARM.Build.0 = Release|iPhoneSimulator
		{45EA287E-91D3-4ABC-8228-503DA77D54CB}.Release|ARM.Deploy.0 = Release|iPhoneSimulator
		{45EA287E-91D3-4ABC-8228-503DA77D54CB}.Release|iPhone.ActiveCfg = Release|iPhone
		{45EA287E-91D3-4ABC-8228-503DA77D54CB}.Release|iPhone.Build.0 = Release|iPhone
		{45EA287E-91D3-4ABC-8228-503DA77D54CB}.Release|iPhone.Deploy.0 = Release|iPhone
		{45EA287E-91D3-4ABC-8228-503DA77D54CB}.Release|iPhoneSimulator.ActiveCfg = Release|iPhoneSimulator
		{45EA287E-91D3-4ABC-8228-503DA77D54CB}.Release|iPhoneSimulator.Build.0 = Release|iPhoneSimulator
		{45EA287E-91D3-4ABC-8228-503DA77D54CB}.Release|iPhoneSimulator.Deploy.0 = Release|iPhoneSimulator
		{45EA287E-91D3-4ABC-8228-503DA77D54CB}.Release|x64.ActiveCfg = Release|iPhoneSimulator
		{45EA287E-91D3-4ABC-8228-503DA77D54CB}.Release|x64.Build.0 = Release|iPhoneSimulator
		{45EA287E-91D3-4ABC-8228-503DA77D54CB}.Release|x64.Deploy.0 = Release|iPhoneSimulator
		{45EA287E-91D3-4ABC-8228-503DA77D54CB}.Release|x86.ActiveCfg = Release|iPhoneSimulator
		{45EA287E-91D3-4ABC-8228-503DA77D54CB}.Release|x86.Build.0 = Release|iPhoneSimulator
		{45EA287E-91D3-4ABC-8228-503DA77D54CB}.Release|x86.Deploy.0 = Release|iPhoneSimulator
		{D53BD13E-0032-426B-B91E-341E840A96D9}.Debug|Any CPU.ActiveCfg = Debug|Any CPU
		{D53BD13E-0032-426B-B91E-341E840A96D9}.Debug|Any CPU.Build.0 = Debug|Any CPU
		{D53BD13E-0032-426B-B91E-341E840A96D9}.Debug|Any CPU.Deploy.0 = Debug|Any CPU
		{D53BD13E-0032-426B-B91E-341E840A96D9}.Debug|ARM.ActiveCfg = Debug|Any CPU
		{D53BD13E-0032-426B-B91E-341E840A96D9}.Debug|ARM.Build.0 = Debug|Any CPU
		{D53BD13E-0032-426B-B91E-341E840A96D9}.Debug|ARM.Deploy.0 = Debug|Any CPU
		{D53BD13E-0032-426B-B91E-341E840A96D9}.Debug|iPhone.ActiveCfg = Debug|Any CPU
		{D53BD13E-0032-426B-B91E-341E840A96D9}.Debug|iPhone.Build.0 = Debug|Any CPU
		{D53BD13E-0032-426B-B91E-341E840A96D9}.Debug|iPhone.Deploy.0 = Debug|Any CPU
		{D53BD13E-0032-426B-B91E-341E840A96D9}.Debug|iPhoneSimulator.ActiveCfg = Debug|Any CPU
		{D53BD13E-0032-426B-B91E-341E840A96D9}.Debug|iPhoneSimulator.Build.0 = Debug|Any CPU
		{D53BD13E-0032-426B-B91E-341E840A96D9}.Debug|iPhoneSimulator.Deploy.0 = Debug|Any CPU
		{D53BD13E-0032-426B-B91E-341E840A96D9}.Debug|x64.ActiveCfg = Debug|Any CPU
		{D53BD13E-0032-426B-B91E-341E840A96D9}.Debug|x64.Build.0 = Debug|Any CPU
		{D53BD13E-0032-426B-B91E-341E840A96D9}.Debug|x64.Deploy.0 = Debug|Any CPU
		{D53BD13E-0032-426B-B91E-341E840A96D9}.Debug|x86.ActiveCfg = Debug|Any CPU
		{D53BD13E-0032-426B-B91E-341E840A96D9}.Debug|x86.Build.0 = Debug|Any CPU
		{D53BD13E-0032-426B-B91E-341E840A96D9}.Debug|x86.Deploy.0 = Debug|Any CPU
		{D53BD13E-0032-426B-B91E-341E840A96D9}.Release|Any CPU.ActiveCfg = Release|Any CPU
		{D53BD13E-0032-426B-B91E-341E840A96D9}.Release|Any CPU.Build.0 = Release|Any CPU
		{D53BD13E-0032-426B-B91E-341E840A96D9}.Release|Any CPU.Deploy.0 = Release|Any CPU
		{D53BD13E-0032-426B-B91E-341E840A96D9}.Release|ARM.ActiveCfg = Release|Any CPU
		{D53BD13E-0032-426B-B91E-341E840A96D9}.Release|ARM.Build.0 = Release|Any CPU
		{D53BD13E-0032-426B-B91E-341E840A96D9}.Release|ARM.Deploy.0 = Release|Any CPU
		{D53BD13E-0032-426B-B91E-341E840A96D9}.Release|iPhone.ActiveCfg = Release|Any CPU
		{D53BD13E-0032-426B-B91E-341E840A96D9}.Release|iPhone.Build.0 = Release|Any CPU
		{D53BD13E-0032-426B-B91E-341E840A96D9}.Release|iPhone.Deploy.0 = Release|Any CPU
		{D53BD13E-0032-426B-B91E-341E840A96D9}.Release|iPhoneSimulator.ActiveCfg = Release|Any CPU
		{D53BD13E-0032-426B-B91E-341E840A96D9}.Release|iPhoneSimulator.Build.0 = Release|Any CPU
		{D53BD13E-0032-426B-B91E-341E840A96D9}.Release|iPhoneSimulator.Deploy.0 = Release|Any CPU
		{D53BD13E-0032-426B-B91E-341E840A96D9}.Release|x64.ActiveCfg = Release|Any CPU
		{D53BD13E-0032-426B-B91E-341E840A96D9}.Release|x64.Build.0 = Release|Any CPU
		{D53BD13E-0032-426B-B91E-341E840A96D9}.Release|x64.Deploy.0 = Release|Any CPU
		{D53BD13E-0032-426B-B91E-341E840A96D9}.Release|x86.ActiveCfg = Release|Any CPU
		{D53BD13E-0032-426B-B91E-341E840A96D9}.Release|x86.Build.0 = Release|Any CPU
		{D53BD13E-0032-426B-B91E-341E840A96D9}.Release|x86.Deploy.0 = Release|Any CPU
		{22A5ADEA-E8F5-4749-986E-5E54C08EE3A9}.Debug|Any CPU.ActiveCfg = Debug|Any CPU
		{22A5ADEA-E8F5-4749-986E-5E54C08EE3A9}.Debug|Any CPU.Build.0 = Debug|Any CPU
		{22A5ADEA-E8F5-4749-986E-5E54C08EE3A9}.Debug|ARM.ActiveCfg = Debug|Any CPU
		{22A5ADEA-E8F5-4749-986E-5E54C08EE3A9}.Debug|ARM.Build.0 = Debug|Any CPU
		{22A5ADEA-E8F5-4749-986E-5E54C08EE3A9}.Debug|iPhone.ActiveCfg = Debug|Any CPU
		{22A5ADEA-E8F5-4749-986E-5E54C08EE3A9}.Debug|iPhone.Build.0 = Debug|Any CPU
		{22A5ADEA-E8F5-4749-986E-5E54C08EE3A9}.Debug|iPhoneSimulator.ActiveCfg = Debug|Any CPU
		{22A5ADEA-E8F5-4749-986E-5E54C08EE3A9}.Debug|iPhoneSimulator.Build.0 = Debug|Any CPU
		{22A5ADEA-E8F5-4749-986E-5E54C08EE3A9}.Debug|x64.ActiveCfg = Debug|Any CPU
		{22A5ADEA-E8F5-4749-986E-5E54C08EE3A9}.Debug|x64.Build.0 = Debug|Any CPU
		{22A5ADEA-E8F5-4749-986E-5E54C08EE3A9}.Debug|x86.ActiveCfg = Debug|Any CPU
		{22A5ADEA-E8F5-4749-986E-5E54C08EE3A9}.Debug|x86.Build.0 = Debug|Any CPU
		{22A5ADEA-E8F5-4749-986E-5E54C08EE3A9}.Release|Any CPU.ActiveCfg = Release|Any CPU
		{22A5ADEA-E8F5-4749-986E-5E54C08EE3A9}.Release|Any CPU.Build.0 = Release|Any CPU
		{22A5ADEA-E8F5-4749-986E-5E54C08EE3A9}.Release|ARM.ActiveCfg = Release|Any CPU
		{22A5ADEA-E8F5-4749-986E-5E54C08EE3A9}.Release|ARM.Build.0 = Release|Any CPU
		{22A5ADEA-E8F5-4749-986E-5E54C08EE3A9}.Release|iPhone.ActiveCfg = Release|Any CPU
		{22A5ADEA-E8F5-4749-986E-5E54C08EE3A9}.Release|iPhone.Build.0 = Release|Any CPU
		{22A5ADEA-E8F5-4749-986E-5E54C08EE3A9}.Release|iPhoneSimulator.ActiveCfg = Release|Any CPU
		{22A5ADEA-E8F5-4749-986E-5E54C08EE3A9}.Release|iPhoneSimulator.Build.0 = Release|Any CPU
		{22A5ADEA-E8F5-4749-986E-5E54C08EE3A9}.Release|x64.ActiveCfg = Release|Any CPU
		{22A5ADEA-E8F5-4749-986E-5E54C08EE3A9}.Release|x64.Build.0 = Release|Any CPU
		{22A5ADEA-E8F5-4749-986E-5E54C08EE3A9}.Release|x86.ActiveCfg = Release|Any CPU
		{22A5ADEA-E8F5-4749-986E-5E54C08EE3A9}.Release|x86.Build.0 = Release|Any CPU
	EndGlobalSection
	GlobalSection(SolutionProperties) = preSolution
		HideSolutionNode = FALSE
	EndGlobalSection
	GlobalSection(ExtensibilityGlobals) = postSolution
		SolutionGuid = {8AAC8EC0-A952-4B3F-854C-439BC570542B}
	EndGlobalSection
EndGlobal
